
Microsoft Visual Studio Solution File, Format Version 12.00
# Visual Studio 15
VisualStudioVersion = 15.0.28010.2036
MinimumVisualStudioVersion = 10.0.40219.1
Project("{FAE04EC0-301F-11D3-BF4B-00C04F79EFBC}") = "CloudflareIntegration", "CloudflareIntegration\CloudflareIntegration.csproj", "{649A7748-946A-4C69-98E6-2D36760B276D}"
EndProject
Global
	GlobalSection(SolutionConfigurationPlatforms) = preSolution
		Debug|Any CPU = Debug|Any CPU
		Release|Any CPU = Release|Any CPU
	EndGlobalSection
	GlobalSection(ProjectConfigurationPlatforms) = postSolution
		{649A7748-946A-4C69-98E6-2D36760B276D}.Debug|Any CPU.ActiveCfg = Debug|Any CPU
		{649A7748-946A-4C69-98E6-2D36760B276D}.Debug|Any CPU.Build.0 = Debug|Any CPU
		{649A7748-946A-4C69-98E6-2D36760B276D}.Release|Any CPU.ActiveCfg = Release|Any CPU
		{649A7748-946A-4C69-98E6-2D36760B276D}.Release|Any CPU.Build.0 = Release|Any CPU
	EndGlobalSection
	GlobalSection(SolutionProperties) = preSolution
		HideSolutionNode = FALSE
	EndGlobalSection
	GlobalSection(ExtensibilityGlobals) = postSolution
		SolutionGuid = {4B9A5DD9-7DD3-4823-A3DC-79E293DA0C24}
	EndGlobalSection
EndGlobal
